
Microsoft Visual Studio Solution File, Format Version 12.00
# Visual Studio Version 16
VisualStudioVersion = 16.0.30907.101
MinimumVisualStudioVersion = 10.0.40219.1
Project("{FAE04EC0-301F-11D3-BF4B-00C04F79EFBC}") = "OyunSatisSimule", "OyunSatisSimule\OyunSatisSimule.csproj", "{99D7FE07-B85F-4650-82D8-F6D4F8EA35F0}"
EndProject
Global
	GlobalSection(SolutionConfigurationPlatforms) = preSolution
		Debug|Any CPU = Debug|Any CPU
		Release|Any CPU = Release|Any CPU
	EndGlobalSection
	GlobalSection(ProjectConfigurationPlatforms) = postSolution
		{99D7FE07-B85F-4650-82D8-F6D4F8EA35F0}.Debug|Any CPU.ActiveCfg = Debug|Any CPU
		{99D7FE07-B85F-4650-82D8-F6D4F8EA35F0}.Debug|Any CPU.Build.0 = Debug|Any CPU
		{99D7FE07-B85F-4650-82D8-F6D4F8EA35F0}.Release|Any CPU.ActiveCfg = Release|Any CPU
		{99D7FE07-B85F-4650-82D8-F6D4F8EA35F0}.Release|Any CPU.Build.0 = Release|Any CPU
	EndGlobalSection
	GlobalSection(SolutionProperties) = preSolution
		HideSolutionNode = FALSE
	EndGlobalSection
	GlobalSection(ExtensibilityGlobals) = postSolution
		SolutionGuid = {6B15A86C-DE2C-4AF0-9166-5CC258967894}
	EndGlobalSection
EndGlobal
